{
  "name": "tuneshare",
  "version": "1.0.0",
  "lockfileVersion": 3,
  "requires": true,
  "packages": {
    "": {
      "name": "tuneshare",
      "version": "1.0.0",
<<<<<<< HEAD
      "license": "ISC"
=======
      "license": "ISC",
      "dependencies": {
        "bcryptjs": "^2.4.3",
        "brcypt": "^1.0.1",
        "jsonwebtoken": "^9.0.2"
      }
    },
    "node_modules/bcryptjs": {
      "version": "2.4.3",
      "resolved": "https://registry.npmjs.org/bcryptjs/-/bcryptjs-2.4.3.tgz",
      "integrity": "sha512-V/Hy/X9Vt7f3BbPJEi8BdVFMByHi+jNXrYkW3huaybV/kQ0KJg0Y6PkEMbn+zeT+i+SiKZ/HMqJGIIt4LZDqNQ==",
      "license": "MIT"
    },
    "node_modules/brcypt": {
      "version": "1.0.1",
      "resolved": "https://registry.npmjs.org/brcypt/-/brcypt-1.0.1.tgz",
      "integrity": "sha512-DjzcKFxx3g3F5PPYVNIzIpyAT15WDiJSzCeg5Fa840uI0N3E+RyRhDu5nIkSTbXydqy5F95KgnI/co2LhxCFEA==",
      "license": "ISC"
    }
  }
}
